
Microsoft Visual Studio Solution File, Format Version 12.00
# Visual Studio Version 17
VisualStudioVersion = 17.3.32901.215
MinimumVisualStudioVersion = 10.0.40219.1
Project("{FAE04EC0-301F-11D3-BF4B-00C04F79EFBC}") = "WindowsFormsApp6", "WindowsFormsApp6\WindowsFormsApp6.csproj", "{6612C14C-BA9F-48BE-80AA-F9396D7DCF20}"
EndProject
Global
	GlobalSection(SolutionConfigurationPlatforms) = preSolution
		Debug|Any CPU = Debug|Any CPU
		Release|Any CPU = Release|Any CPU
	EndGlobalSection
	GlobalSection(ProjectConfigurationPlatforms) = postSolution
		{6612C14C-BA9F-48BE-80AA-F9396D7DCF20}.Debug|Any CPU.ActiveCfg = Debug|Any CPU
		{6612C14C-BA9F-48BE-80AA-F9396D7DCF20}.Debug|Any CPU.Build.0 = Debug|Any CPU
		{6612C14C-BA9F-48BE-80AA-F9396D7DCF20}.Release|Any CPU.ActiveCfg = Release|Any CPU
		{6612C14C-BA9F-48BE-80AA-F9396D7DCF20}.Release|Any CPU.Build.0 = Release|Any CPU
	EndGlobalSection
	GlobalSection(SolutionProperties) = preSolution
		HideSolutionNode = FALSE
	EndGlobalSection
	GlobalSection(ExtensibilityGlobals) = postSolution
		SolutionGuid = {198BCD04-B0A7-4EE0-A8C9-6CDB7BE383A0}
	EndGlobalSection
EndGlobal
